// !$*UTF8*$!
{
	archiveVersion = 1;
	classes = {
	};
	objectVersion = 46;
	objects = {

/* Begin PBXBuildFile section */
<<<<<<< HEAD
		8D6D7FBB0A61F117357F3090 /* Pods_Fresh_Potatoes.framework in Frameworks */ = {isa = PBXBuildFile; fileRef = FBD26CD290FD2B87ADA6BFD5 /* Pods_Fresh_Potatoes.framework */; };
		BAFC0C1F1D11F00A003B2345 /* AppDelegate.swift in Sources */ = {isa = PBXBuildFile; fileRef = BAFC0C1E1D11F00A003B2345 /* AppDelegate.swift */; };
		BAFC0C241D11F00A003B2345 /* Main.storyboard in Resources */ = {isa = PBXBuildFile; fileRef = BAFC0C221D11F00A003B2345 /* Main.storyboard */; };
		BAFC0C261D11F00A003B2345 /* Assets.xcassets in Resources */ = {isa = PBXBuildFile; fileRef = BAFC0C251D11F00A003B2345 /* Assets.xcassets */; };
		BAFC0C291D11F00A003B2345 /* LaunchScreen.storyboard in Resources */ = {isa = PBXBuildFile; fileRef = BAFC0C271D11F00A003B2345 /* LaunchScreen.storyboard */; };
		BAFC0C311D11F075003B2345 /* MoviesViewController.swift in Sources */ = {isa = PBXBuildFile; fileRef = BAFC0C301D11F075003B2345 /* MoviesViewController.swift */; };
		BAFC0C341D11F93E003B2345 /* MovieCell.swift in Sources */ = {isa = PBXBuildFile; fileRef = BAFC0C331D11F93E003B2345 /* MovieCell.swift */; };
/* End PBXBuildFile section */

/* Begin PBXFileReference section */
		63636706BEEB8124D34EBF2D /* Pods-Fresh Potatoes.debug.xcconfig */ = {isa = PBXFileReference; includeInIndex = 1; lastKnownFileType = text.xcconfig; name = "Pods-Fresh Potatoes.debug.xcconfig"; path = "Pods/Target Support Files/Pods-Fresh Potatoes/Pods-Fresh Potatoes.debug.xcconfig"; sourceTree = "<group>"; };
		BAFC0C1B1D11F00A003B2345 /* Fresh Potatoes.app */ = {isa = PBXFileReference; explicitFileType = wrapper.application; includeInIndex = 0; path = "Fresh Potatoes.app"; sourceTree = BUILT_PRODUCTS_DIR; };
		BAFC0C1E1D11F00A003B2345 /* AppDelegate.swift */ = {isa = PBXFileReference; lastKnownFileType = sourcecode.swift; path = AppDelegate.swift; sourceTree = "<group>"; };
		BAFC0C231D11F00A003B2345 /* Base */ = {isa = PBXFileReference; lastKnownFileType = file.storyboard; name = Base; path = Base.lproj/Main.storyboard; sourceTree = "<group>"; };
		BAFC0C251D11F00A003B2345 /* Assets.xcassets */ = {isa = PBXFileReference; lastKnownFileType = folder.assetcatalog; path = Assets.xcassets; sourceTree = "<group>"; };
		BAFC0C281D11F00A003B2345 /* Base */ = {isa = PBXFileReference; lastKnownFileType = file.storyboard; name = Base; path = Base.lproj/LaunchScreen.storyboard; sourceTree = "<group>"; };
		BAFC0C2A1D11F00A003B2345 /* Info.plist */ = {isa = PBXFileReference; lastKnownFileType = text.plist.xml; path = Info.plist; sourceTree = "<group>"; };
		BAFC0C301D11F075003B2345 /* MoviesViewController.swift */ = {isa = PBXFileReference; fileEncoding = 4; lastKnownFileType = sourcecode.swift; path = MoviesViewController.swift; sourceTree = "<group>"; };
		BAFC0C331D11F93E003B2345 /* MovieCell.swift */ = {isa = PBXFileReference; fileEncoding = 4; lastKnownFileType = sourcecode.swift; path = MovieCell.swift; sourceTree = "<group>"; };
		D6ECFD738BD10ED61A6B2B36 /* Pods-Fresh Potatoes.release.xcconfig */ = {isa = PBXFileReference; includeInIndex = 1; lastKnownFileType = text.xcconfig; name = "Pods-Fresh Potatoes.release.xcconfig"; path = "Pods/Target Support Files/Pods-Fresh Potatoes/Pods-Fresh Potatoes.release.xcconfig"; sourceTree = "<group>"; };
		FBD26CD290FD2B87ADA6BFD5 /* Pods_Fresh_Potatoes.framework */ = {isa = PBXFileReference; explicitFileType = wrapper.framework; includeInIndex = 0; path = Pods_Fresh_Potatoes.framework; sourceTree = BUILT_PRODUCTS_DIR; };
/* End PBXFileReference section */

/* Begin PBXFrameworksBuildPhase section */
		BAFC0C181D11F00A003B2345 /* Frameworks */ = {
			isa = PBXFrameworksBuildPhase;
			buildActionMask = 2147483647;
			files = (
				8D6D7FBB0A61F117357F3090 /* Pods_Fresh_Potatoes.framework in Frameworks */,
			);
			runOnlyForDeploymentPostprocessing = 0;
		};
/* End PBXFrameworksBuildPhase section */

/* Begin PBXGroup section */
		63E1EBC3155FFC9F1BF52C64 /* Pods */ = {
			isa = PBXGroup;
			children = (
				63636706BEEB8124D34EBF2D /* Pods-Fresh Potatoes.debug.xcconfig */,
				D6ECFD738BD10ED61A6B2B36 /* Pods-Fresh Potatoes.release.xcconfig */,
			);
			name = Pods;
			sourceTree = "<group>";
		};
		A0851B4DEF8FC4DBF9123E2C /* Frameworks */ = {
			isa = PBXGroup;
			children = (
				FBD26CD290FD2B87ADA6BFD5 /* Pods_Fresh_Potatoes.framework */,
			);
			name = Frameworks;
			sourceTree = "<group>";
		};
		BAFC0C121D11F00A003B2345 = {
			isa = PBXGroup;
			children = (
				BAFC0C1D1D11F00A003B2345 /* Fresh Potatoes */,
				BAFC0C1C1D11F00A003B2345 /* Products */,
				63E1EBC3155FFC9F1BF52C64 /* Pods */,
				A0851B4DEF8FC4DBF9123E2C /* Frameworks */,
			);
			sourceTree = "<group>";
		};
		BAFC0C1C1D11F00A003B2345 /* Products */ = {
			isa = PBXGroup;
			children = (
				BAFC0C1B1D11F00A003B2345 /* Fresh Potatoes.app */,
=======
		BA64FCD11D1125140086EB49 /* AppDelegate.swift in Sources */ = {isa = PBXBuildFile; fileRef = BA64FCD01D1125140086EB49 /* AppDelegate.swift */; };
		BA64FCD31D1125140086EB49 /* ViewController.swift in Sources */ = {isa = PBXBuildFile; fileRef = BA64FCD21D1125140086EB49 /* ViewController.swift */; };
		BA64FCD61D1125140086EB49 /* Main.storyboard in Resources */ = {isa = PBXBuildFile; fileRef = BA64FCD41D1125140086EB49 /* Main.storyboard */; };
		BA64FCD81D1125140086EB49 /* Assets.xcassets in Resources */ = {isa = PBXBuildFile; fileRef = BA64FCD71D1125140086EB49 /* Assets.xcassets */; };
		BA64FCDB1D1125140086EB49 /* LaunchScreen.storyboard in Resources */ = {isa = PBXBuildFile; fileRef = BA64FCD91D1125140086EB49 /* LaunchScreen.storyboard */; };
		BA64FCE61D1125140086EB49 /* Fresh_PotatoesTests.swift in Sources */ = {isa = PBXBuildFile; fileRef = BA64FCE51D1125140086EB49 /* Fresh_PotatoesTests.swift */; };
		BA64FCF11D1125140086EB49 /* Fresh_PotatoesUITests.swift in Sources */ = {isa = PBXBuildFile; fileRef = BA64FCF01D1125140086EB49 /* Fresh_PotatoesUITests.swift */; };
/* End PBXBuildFile section */

/* Begin PBXContainerItemProxy section */
		BA64FCE21D1125140086EB49 /* PBXContainerItemProxy */ = {
			isa = PBXContainerItemProxy;
			containerPortal = BA64FCC51D1125140086EB49 /* Project object */;
			proxyType = 1;
			remoteGlobalIDString = BA64FCCC1D1125140086EB49;
			remoteInfo = "Fresh Potatoes";
		};
		BA64FCED1D1125140086EB49 /* PBXContainerItemProxy */ = {
			isa = PBXContainerItemProxy;
			containerPortal = BA64FCC51D1125140086EB49 /* Project object */;
			proxyType = 1;
			remoteGlobalIDString = BA64FCCC1D1125140086EB49;
			remoteInfo = "Fresh Potatoes";
		};
/* End PBXContainerItemProxy section */

/* Begin PBXFileReference section */
		BA64FCCD1D1125140086EB49 /* Fresh Potatoes.app */ = {isa = PBXFileReference; explicitFileType = wrapper.application; includeInIndex = 0; path = "Fresh Potatoes.app"; sourceTree = BUILT_PRODUCTS_DIR; };
		BA64FCD01D1125140086EB49 /* AppDelegate.swift */ = {isa = PBXFileReference; lastKnownFileType = sourcecode.swift; path = AppDelegate.swift; sourceTree = "<group>"; };
		BA64FCD21D1125140086EB49 /* ViewController.swift */ = {isa = PBXFileReference; lastKnownFileType = sourcecode.swift; path = ViewController.swift; sourceTree = "<group>"; };
		BA64FCD51D1125140086EB49 /* Base */ = {isa = PBXFileReference; lastKnownFileType = file.storyboard; name = Base; path = Base.lproj/Main.storyboard; sourceTree = "<group>"; };
		BA64FCD71D1125140086EB49 /* Assets.xcassets */ = {isa = PBXFileReference; lastKnownFileType = folder.assetcatalog; path = Assets.xcassets; sourceTree = "<group>"; };
		BA64FCDA1D1125140086EB49 /* Base */ = {isa = PBXFileReference; lastKnownFileType = file.storyboard; name = Base; path = Base.lproj/LaunchScreen.storyboard; sourceTree = "<group>"; };
		BA64FCDC1D1125140086EB49 /* Info.plist */ = {isa = PBXFileReference; lastKnownFileType = text.plist.xml; path = Info.plist; sourceTree = "<group>"; };
		BA64FCE11D1125140086EB49 /* Fresh PotatoesTests.xctest */ = {isa = PBXFileReference; explicitFileType = wrapper.cfbundle; includeInIndex = 0; path = "Fresh PotatoesTests.xctest"; sourceTree = BUILT_PRODUCTS_DIR; };
		BA64FCE51D1125140086EB49 /* Fresh_PotatoesTests.swift */ = {isa = PBXFileReference; lastKnownFileType = sourcecode.swift; path = Fresh_PotatoesTests.swift; sourceTree = "<group>"; };
		BA64FCE71D1125140086EB49 /* Info.plist */ = {isa = PBXFileReference; lastKnownFileType = text.plist.xml; path = Info.plist; sourceTree = "<group>"; };
		BA64FCEC1D1125140086EB49 /* Fresh PotatoesUITests.xctest */ = {isa = PBXFileReference; explicitFileType = wrapper.cfbundle; includeInIndex = 0; path = "Fresh PotatoesUITests.xctest"; sourceTree = BUILT_PRODUCTS_DIR; };
		BA64FCF01D1125140086EB49 /* Fresh_PotatoesUITests.swift */ = {isa = PBXFileReference; lastKnownFileType = sourcecode.swift; path = Fresh_PotatoesUITests.swift; sourceTree = "<group>"; };
		BA64FCF21D1125140086EB49 /* Info.plist */ = {isa = PBXFileReference; lastKnownFileType = text.plist.xml; path = Info.plist; sourceTree = "<group>"; };
/* End PBXFileReference section */

/* Begin PBXFrameworksBuildPhase section */
		BA64FCCA1D1125140086EB49 /* Frameworks */ = {
			isa = PBXFrameworksBuildPhase;
			buildActionMask = 2147483647;
			files = (
			);
			runOnlyForDeploymentPostprocessing = 0;
		};
		BA64FCDE1D1125140086EB49 /* Frameworks */ = {
			isa = PBXFrameworksBuildPhase;
			buildActionMask = 2147483647;
			files = (
			);
			runOnlyForDeploymentPostprocessing = 0;
		};
		BA64FCE91D1125140086EB49 /* Frameworks */ = {
			isa = PBXFrameworksBuildPhase;
			buildActionMask = 2147483647;
			files = (
			);
			runOnlyForDeploymentPostprocessing = 0;
		};
/* End PBXFrameworksBuildPhase section */

/* Begin PBXGroup section */
		BA64FCC41D1125140086EB49 = {
			isa = PBXGroup;
			children = (
				BA64FCCF1D1125140086EB49 /* Fresh Potatoes */,
				BA64FCE41D1125140086EB49 /* Fresh PotatoesTests */,
				BA64FCEF1D1125140086EB49 /* Fresh PotatoesUITests */,
				BA64FCCE1D1125140086EB49 /* Products */,
			);
			sourceTree = "<group>";
		};
		BA64FCCE1D1125140086EB49 /* Products */ = {
			isa = PBXGroup;
			children = (
				BA64FCCD1D1125140086EB49 /* Fresh Potatoes.app */,
				BA64FCE11D1125140086EB49 /* Fresh PotatoesTests.xctest */,
				BA64FCEC1D1125140086EB49 /* Fresh PotatoesUITests.xctest */,
>>>>>>> d2048d61cd06fa27d200c510181cbacb4e8f8d0a
			);
			name = Products;
			sourceTree = "<group>";
		};
<<<<<<< HEAD
		BAFC0C1D1D11F00A003B2345 /* Fresh Potatoes */ = {
			isa = PBXGroup;
			children = (
				BAFC0C351D11F946003B2345 /* View Controllers */,
				BAFC0C321D11F728003B2345 /* Views */,
				BAFC0C1E1D11F00A003B2345 /* AppDelegate.swift */,
				BAFC0C221D11F00A003B2345 /* Main.storyboard */,
				BAFC0C251D11F00A003B2345 /* Assets.xcassets */,
				BAFC0C271D11F00A003B2345 /* LaunchScreen.storyboard */,
				BAFC0C2A1D11F00A003B2345 /* Info.plist */,
=======
		BA64FCCF1D1125140086EB49 /* Fresh Potatoes */ = {
			isa = PBXGroup;
			children = (
				BA64FCD01D1125140086EB49 /* AppDelegate.swift */,
				BA64FCD21D1125140086EB49 /* ViewController.swift */,
				BA64FCD41D1125140086EB49 /* Main.storyboard */,
				BA64FCD71D1125140086EB49 /* Assets.xcassets */,
				BA64FCD91D1125140086EB49 /* LaunchScreen.storyboard */,
				BA64FCDC1D1125140086EB49 /* Info.plist */,
>>>>>>> d2048d61cd06fa27d200c510181cbacb4e8f8d0a
			);
			path = "Fresh Potatoes";
			sourceTree = "<group>";
		};
<<<<<<< HEAD
		BAFC0C321D11F728003B2345 /* Views */ = {
			isa = PBXGroup;
			children = (
				BAFC0C331D11F93E003B2345 /* MovieCell.swift */,
			);
			name = Views;
			sourceTree = "<group>";
		};
		BAFC0C351D11F946003B2345 /* View Controllers */ = {
			isa = PBXGroup;
			children = (
				BAFC0C301D11F075003B2345 /* MoviesViewController.swift */,
			);
			name = "View Controllers";
=======
		BA64FCE41D1125140086EB49 /* Fresh PotatoesTests */ = {
			isa = PBXGroup;
			children = (
				BA64FCE51D1125140086EB49 /* Fresh_PotatoesTests.swift */,
				BA64FCE71D1125140086EB49 /* Info.plist */,
			);
			path = "Fresh PotatoesTests";
			sourceTree = "<group>";
		};
		BA64FCEF1D1125140086EB49 /* Fresh PotatoesUITests */ = {
			isa = PBXGroup;
			children = (
				BA64FCF01D1125140086EB49 /* Fresh_PotatoesUITests.swift */,
				BA64FCF21D1125140086EB49 /* Info.plist */,
			);
			path = "Fresh PotatoesUITests";
>>>>>>> d2048d61cd06fa27d200c510181cbacb4e8f8d0a
			sourceTree = "<group>";
		};
/* End PBXGroup section */

/* Begin PBXNativeTarget section */
<<<<<<< HEAD
		BAFC0C1A1D11F00A003B2345 /* Fresh Potatoes */ = {
			isa = PBXNativeTarget;
			buildConfigurationList = BAFC0C2D1D11F00A003B2345 /* Build configuration list for PBXNativeTarget "Fresh Potatoes" */;
			buildPhases = (
				7ACD8CC88B47DA1264E66687 /* [CP] Check Pods Manifest.lock */,
				BAFC0C171D11F00A003B2345 /* Sources */,
				BAFC0C181D11F00A003B2345 /* Frameworks */,
				BAFC0C191D11F00A003B2345 /* Resources */,
				698CB2D91284AFFC947CEE37 /* [CP] Embed Pods Frameworks */,
				710315E3211E017DB83F7730 /* [CP] Copy Pods Resources */,
=======
		BA64FCCC1D1125140086EB49 /* Fresh Potatoes */ = {
			isa = PBXNativeTarget;
			buildConfigurationList = BA64FCF51D1125140086EB49 /* Build configuration list for PBXNativeTarget "Fresh Potatoes" */;
			buildPhases = (
				BA64FCC91D1125140086EB49 /* Sources */,
				BA64FCCA1D1125140086EB49 /* Frameworks */,
				BA64FCCB1D1125140086EB49 /* Resources */,
>>>>>>> d2048d61cd06fa27d200c510181cbacb4e8f8d0a
			);
			buildRules = (
			);
			dependencies = (
			);
			name = "Fresh Potatoes";
			productName = "Fresh Potatoes";
<<<<<<< HEAD
			productReference = BAFC0C1B1D11F00A003B2345 /* Fresh Potatoes.app */;
			productType = "com.apple.product-type.application";
		};
/* End PBXNativeTarget section */

/* Begin PBXProject section */
		BAFC0C131D11F00A003B2345 /* Project object */ = {
=======
			productReference = BA64FCCD1D1125140086EB49 /* Fresh Potatoes.app */;
			productType = "com.apple.product-type.application";
		};
		BA64FCE01D1125140086EB49 /* Fresh PotatoesTests */ = {
			isa = PBXNativeTarget;
			buildConfigurationList = BA64FCF81D1125140086EB49 /* Build configuration list for PBXNativeTarget "Fresh PotatoesTests" */;
			buildPhases = (
				BA64FCDD1D1125140086EB49 /* Sources */,
				BA64FCDE1D1125140086EB49 /* Frameworks */,
				BA64FCDF1D1125140086EB49 /* Resources */,
			);
			buildRules = (
			);
			dependencies = (
				BA64FCE31D1125140086EB49 /* PBXTargetDependency */,
			);
			name = "Fresh PotatoesTests";
			productName = "Fresh PotatoesTests";
			productReference = BA64FCE11D1125140086EB49 /* Fresh PotatoesTests.xctest */;
			productType = "com.apple.product-type.bundle.unit-test";
		};
		BA64FCEB1D1125140086EB49 /* Fresh PotatoesUITests */ = {
			isa = PBXNativeTarget;
			buildConfigurationList = BA64FCFB1D1125140086EB49 /* Build configuration list for PBXNativeTarget "Fresh PotatoesUITests" */;
			buildPhases = (
				BA64FCE81D1125140086EB49 /* Sources */,
				BA64FCE91D1125140086EB49 /* Frameworks */,
				BA64FCEA1D1125140086EB49 /* Resources */,
			);
			buildRules = (
			);
			dependencies = (
				BA64FCEE1D1125140086EB49 /* PBXTargetDependency */,
			);
			name = "Fresh PotatoesUITests";
			productName = "Fresh PotatoesUITests";
			productReference = BA64FCEC1D1125140086EB49 /* Fresh PotatoesUITests.xctest */;
			productType = "com.apple.product-type.bundle.ui-testing";
		};
/* End PBXNativeTarget section */

/* Begin PBXProject section */
		BA64FCC51D1125140086EB49 /* Project object */ = {
>>>>>>> d2048d61cd06fa27d200c510181cbacb4e8f8d0a
			isa = PBXProject;
			attributes = {
				LastSwiftUpdateCheck = 0730;
				LastUpgradeCheck = 0730;
				ORGANIZATIONNAME = "Jessica Choi";
				TargetAttributes = {
<<<<<<< HEAD
					BAFC0C1A1D11F00A003B2345 = {
						CreatedOnToolsVersion = 7.3.1;
					};
				};
			};
			buildConfigurationList = BAFC0C161D11F00A003B2345 /* Build configuration list for PBXProject "Fresh Potatoes" */;
=======
					BA64FCCC1D1125140086EB49 = {
						CreatedOnToolsVersion = 7.3.1;
					};
					BA64FCE01D1125140086EB49 = {
						CreatedOnToolsVersion = 7.3.1;
						TestTargetID = BA64FCCC1D1125140086EB49;
					};
					BA64FCEB1D1125140086EB49 = {
						CreatedOnToolsVersion = 7.3.1;
						TestTargetID = BA64FCCC1D1125140086EB49;
					};
				};
			};
			buildConfigurationList = BA64FCC81D1125140086EB49 /* Build configuration list for PBXProject "Fresh Potatoes" */;
>>>>>>> d2048d61cd06fa27d200c510181cbacb4e8f8d0a
			compatibilityVersion = "Xcode 3.2";
			developmentRegion = English;
			hasScannedForEncodings = 0;
			knownRegions = (
				en,
				Base,
			);
<<<<<<< HEAD
			mainGroup = BAFC0C121D11F00A003B2345;
			productRefGroup = BAFC0C1C1D11F00A003B2345 /* Products */;
			projectDirPath = "";
			projectRoot = "";
			targets = (
				BAFC0C1A1D11F00A003B2345 /* Fresh Potatoes */,
=======
			mainGroup = BA64FCC41D1125140086EB49;
			productRefGroup = BA64FCCE1D1125140086EB49 /* Products */;
			projectDirPath = "";
			projectRoot = "";
			targets = (
				BA64FCCC1D1125140086EB49 /* Fresh Potatoes */,
				BA64FCE01D1125140086EB49 /* Fresh PotatoesTests */,
				BA64FCEB1D1125140086EB49 /* Fresh PotatoesUITests */,
>>>>>>> d2048d61cd06fa27d200c510181cbacb4e8f8d0a
			);
		};
/* End PBXProject section */

/* Begin PBXResourcesBuildPhase section */
<<<<<<< HEAD
		BAFC0C191D11F00A003B2345 /* Resources */ = {
			isa = PBXResourcesBuildPhase;
			buildActionMask = 2147483647;
			files = (
				BAFC0C291D11F00A003B2345 /* LaunchScreen.storyboard in Resources */,
				BAFC0C261D11F00A003B2345 /* Assets.xcassets in Resources */,
				BAFC0C241D11F00A003B2345 /* Main.storyboard in Resources */,
			);
			runOnlyForDeploymentPostprocessing = 0;
		};
/* End PBXResourcesBuildPhase section */

/* Begin PBXShellScriptBuildPhase section */
		698CB2D91284AFFC947CEE37 /* [CP] Embed Pods Frameworks */ = {
			isa = PBXShellScriptBuildPhase;
			buildActionMask = 2147483647;
			files = (
			);
			inputPaths = (
			);
			name = "[CP] Embed Pods Frameworks";
			outputPaths = (
			);
			runOnlyForDeploymentPostprocessing = 0;
			shellPath = /bin/sh;
			shellScript = "\"${SRCROOT}/Pods/Target Support Files/Pods-Fresh Potatoes/Pods-Fresh Potatoes-frameworks.sh\"\n";
			showEnvVarsInLog = 0;
		};
		710315E3211E017DB83F7730 /* [CP] Copy Pods Resources */ = {
			isa = PBXShellScriptBuildPhase;
			buildActionMask = 2147483647;
			files = (
			);
			inputPaths = (
			);
			name = "[CP] Copy Pods Resources";
			outputPaths = (
			);
			runOnlyForDeploymentPostprocessing = 0;
			shellPath = /bin/sh;
			shellScript = "\"${SRCROOT}/Pods/Target Support Files/Pods-Fresh Potatoes/Pods-Fresh Potatoes-resources.sh\"\n";
			showEnvVarsInLog = 0;
		};
		7ACD8CC88B47DA1264E66687 /* [CP] Check Pods Manifest.lock */ = {
			isa = PBXShellScriptBuildPhase;
			buildActionMask = 2147483647;
			files = (
			);
			inputPaths = (
			);
			name = "[CP] Check Pods Manifest.lock";
			outputPaths = (
			);
			runOnlyForDeploymentPostprocessing = 0;
			shellPath = /bin/sh;
			shellScript = "diff \"${PODS_ROOT}/../Podfile.lock\" \"${PODS_ROOT}/Manifest.lock\" > /dev/null\nif [[ $? != 0 ]] ; then\n    cat << EOM\nerror: The sandbox is not in sync with the Podfile.lock. Run 'pod install' or update your CocoaPods installation.\nEOM\n    exit 1\nfi\n";
			showEnvVarsInLog = 0;
		};
/* End PBXShellScriptBuildPhase section */

/* Begin PBXSourcesBuildPhase section */
		BAFC0C171D11F00A003B2345 /* Sources */ = {
			isa = PBXSourcesBuildPhase;
			buildActionMask = 2147483647;
			files = (
				BAFC0C1F1D11F00A003B2345 /* AppDelegate.swift in Sources */,
				BAFC0C311D11F075003B2345 /* MoviesViewController.swift in Sources */,
				BAFC0C341D11F93E003B2345 /* MovieCell.swift in Sources */,
=======
		BA64FCCB1D1125140086EB49 /* Resources */ = {
			isa = PBXResourcesBuildPhase;
			buildActionMask = 2147483647;
			files = (
				BA64FCDB1D1125140086EB49 /* LaunchScreen.storyboard in Resources */,
				BA64FCD81D1125140086EB49 /* Assets.xcassets in Resources */,
				BA64FCD61D1125140086EB49 /* Main.storyboard in Resources */,
			);
			runOnlyForDeploymentPostprocessing = 0;
		};
		BA64FCDF1D1125140086EB49 /* Resources */ = {
			isa = PBXResourcesBuildPhase;
			buildActionMask = 2147483647;
			files = (
			);
			runOnlyForDeploymentPostprocessing = 0;
		};
		BA64FCEA1D1125140086EB49 /* Resources */ = {
			isa = PBXResourcesBuildPhase;
			buildActionMask = 2147483647;
			files = (
			);
			runOnlyForDeploymentPostprocessing = 0;
		};
/* End PBXResourcesBuildPhase section */

/* Begin PBXSourcesBuildPhase section */
		BA64FCC91D1125140086EB49 /* Sources */ = {
			isa = PBXSourcesBuildPhase;
			buildActionMask = 2147483647;
			files = (
				BA64FCD31D1125140086EB49 /* ViewController.swift in Sources */,
				BA64FCD11D1125140086EB49 /* AppDelegate.swift in Sources */,
			);
			runOnlyForDeploymentPostprocessing = 0;
		};
		BA64FCDD1D1125140086EB49 /* Sources */ = {
			isa = PBXSourcesBuildPhase;
			buildActionMask = 2147483647;
			files = (
				BA64FCE61D1125140086EB49 /* Fresh_PotatoesTests.swift in Sources */,
			);
			runOnlyForDeploymentPostprocessing = 0;
		};
		BA64FCE81D1125140086EB49 /* Sources */ = {
			isa = PBXSourcesBuildPhase;
			buildActionMask = 2147483647;
			files = (
				BA64FCF11D1125140086EB49 /* Fresh_PotatoesUITests.swift in Sources */,
>>>>>>> d2048d61cd06fa27d200c510181cbacb4e8f8d0a
			);
			runOnlyForDeploymentPostprocessing = 0;
		};
/* End PBXSourcesBuildPhase section */

<<<<<<< HEAD
/* Begin PBXVariantGroup section */
		BAFC0C221D11F00A003B2345 /* Main.storyboard */ = {
			isa = PBXVariantGroup;
			children = (
				BAFC0C231D11F00A003B2345 /* Base */,
=======
/* Begin PBXTargetDependency section */
		BA64FCE31D1125140086EB49 /* PBXTargetDependency */ = {
			isa = PBXTargetDependency;
			target = BA64FCCC1D1125140086EB49 /* Fresh Potatoes */;
			targetProxy = BA64FCE21D1125140086EB49 /* PBXContainerItemProxy */;
		};
		BA64FCEE1D1125140086EB49 /* PBXTargetDependency */ = {
			isa = PBXTargetDependency;
			target = BA64FCCC1D1125140086EB49 /* Fresh Potatoes */;
			targetProxy = BA64FCED1D1125140086EB49 /* PBXContainerItemProxy */;
		};
/* End PBXTargetDependency section */

/* Begin PBXVariantGroup section */
		BA64FCD41D1125140086EB49 /* Main.storyboard */ = {
			isa = PBXVariantGroup;
			children = (
				BA64FCD51D1125140086EB49 /* Base */,
>>>>>>> d2048d61cd06fa27d200c510181cbacb4e8f8d0a
			);
			name = Main.storyboard;
			sourceTree = "<group>";
		};
<<<<<<< HEAD
		BAFC0C271D11F00A003B2345 /* LaunchScreen.storyboard */ = {
			isa = PBXVariantGroup;
			children = (
				BAFC0C281D11F00A003B2345 /* Base */,
=======
		BA64FCD91D1125140086EB49 /* LaunchScreen.storyboard */ = {
			isa = PBXVariantGroup;
			children = (
				BA64FCDA1D1125140086EB49 /* Base */,
>>>>>>> d2048d61cd06fa27d200c510181cbacb4e8f8d0a
			);
			name = LaunchScreen.storyboard;
			sourceTree = "<group>";
		};
/* End PBXVariantGroup section */

/* Begin XCBuildConfiguration section */
<<<<<<< HEAD
		BAFC0C2B1D11F00A003B2345 /* Debug */ = {
=======
		BA64FCF31D1125140086EB49 /* Debug */ = {
>>>>>>> d2048d61cd06fa27d200c510181cbacb4e8f8d0a
			isa = XCBuildConfiguration;
			buildSettings = {
				ALWAYS_SEARCH_USER_PATHS = NO;
				CLANG_ANALYZER_NONNULL = YES;
				CLANG_CXX_LANGUAGE_STANDARD = "gnu++0x";
				CLANG_CXX_LIBRARY = "libc++";
				CLANG_ENABLE_MODULES = YES;
				CLANG_ENABLE_OBJC_ARC = YES;
				CLANG_WARN_BOOL_CONVERSION = YES;
				CLANG_WARN_CONSTANT_CONVERSION = YES;
				CLANG_WARN_DIRECT_OBJC_ISA_USAGE = YES_ERROR;
				CLANG_WARN_EMPTY_BODY = YES;
				CLANG_WARN_ENUM_CONVERSION = YES;
				CLANG_WARN_INT_CONVERSION = YES;
				CLANG_WARN_OBJC_ROOT_CLASS = YES_ERROR;
				CLANG_WARN_UNREACHABLE_CODE = YES;
				CLANG_WARN__DUPLICATE_METHOD_MATCH = YES;
				"CODE_SIGN_IDENTITY[sdk=iphoneos*]" = "iPhone Developer";
				COPY_PHASE_STRIP = NO;
				DEBUG_INFORMATION_FORMAT = dwarf;
				ENABLE_STRICT_OBJC_MSGSEND = YES;
				ENABLE_TESTABILITY = YES;
				GCC_C_LANGUAGE_STANDARD = gnu99;
				GCC_DYNAMIC_NO_PIC = NO;
				GCC_NO_COMMON_BLOCKS = YES;
				GCC_OPTIMIZATION_LEVEL = 0;
				GCC_PREPROCESSOR_DEFINITIONS = (
					"DEBUG=1",
					"$(inherited)",
				);
				GCC_WARN_64_TO_32_BIT_CONVERSION = YES;
				GCC_WARN_ABOUT_RETURN_TYPE = YES_ERROR;
				GCC_WARN_UNDECLARED_SELECTOR = YES;
				GCC_WARN_UNINITIALIZED_AUTOS = YES_AGGRESSIVE;
				GCC_WARN_UNUSED_FUNCTION = YES;
				GCC_WARN_UNUSED_VARIABLE = YES;
				IPHONEOS_DEPLOYMENT_TARGET = 9.3;
				MTL_ENABLE_DEBUG_INFO = YES;
				ONLY_ACTIVE_ARCH = YES;
				SDKROOT = iphoneos;
				SWIFT_OPTIMIZATION_LEVEL = "-Onone";
			};
			name = Debug;
		};
<<<<<<< HEAD
		BAFC0C2C1D11F00A003B2345 /* Release */ = {
=======
		BA64FCF41D1125140086EB49 /* Release */ = {
>>>>>>> d2048d61cd06fa27d200c510181cbacb4e8f8d0a
			isa = XCBuildConfiguration;
			buildSettings = {
				ALWAYS_SEARCH_USER_PATHS = NO;
				CLANG_ANALYZER_NONNULL = YES;
				CLANG_CXX_LANGUAGE_STANDARD = "gnu++0x";
				CLANG_CXX_LIBRARY = "libc++";
				CLANG_ENABLE_MODULES = YES;
				CLANG_ENABLE_OBJC_ARC = YES;
				CLANG_WARN_BOOL_CONVERSION = YES;
				CLANG_WARN_CONSTANT_CONVERSION = YES;
				CLANG_WARN_DIRECT_OBJC_ISA_USAGE = YES_ERROR;
				CLANG_WARN_EMPTY_BODY = YES;
				CLANG_WARN_ENUM_CONVERSION = YES;
				CLANG_WARN_INT_CONVERSION = YES;
				CLANG_WARN_OBJC_ROOT_CLASS = YES_ERROR;
				CLANG_WARN_UNREACHABLE_CODE = YES;
				CLANG_WARN__DUPLICATE_METHOD_MATCH = YES;
				"CODE_SIGN_IDENTITY[sdk=iphoneos*]" = "iPhone Developer";
				COPY_PHASE_STRIP = NO;
				DEBUG_INFORMATION_FORMAT = "dwarf-with-dsym";
				ENABLE_NS_ASSERTIONS = NO;
				ENABLE_STRICT_OBJC_MSGSEND = YES;
				GCC_C_LANGUAGE_STANDARD = gnu99;
				GCC_NO_COMMON_BLOCKS = YES;
				GCC_WARN_64_TO_32_BIT_CONVERSION = YES;
				GCC_WARN_ABOUT_RETURN_TYPE = YES_ERROR;
				GCC_WARN_UNDECLARED_SELECTOR = YES;
				GCC_WARN_UNINITIALIZED_AUTOS = YES_AGGRESSIVE;
				GCC_WARN_UNUSED_FUNCTION = YES;
				GCC_WARN_UNUSED_VARIABLE = YES;
				IPHONEOS_DEPLOYMENT_TARGET = 9.3;
				MTL_ENABLE_DEBUG_INFO = NO;
				SDKROOT = iphoneos;
				VALIDATE_PRODUCT = YES;
			};
			name = Release;
		};
<<<<<<< HEAD
		BAFC0C2E1D11F00A003B2345 /* Debug */ = {
			isa = XCBuildConfiguration;
			baseConfigurationReference = 63636706BEEB8124D34EBF2D /* Pods-Fresh Potatoes.debug.xcconfig */;
=======
		BA64FCF61D1125140086EB49 /* Debug */ = {
			isa = XCBuildConfiguration;
>>>>>>> d2048d61cd06fa27d200c510181cbacb4e8f8d0a
			buildSettings = {
				ASSETCATALOG_COMPILER_APPICON_NAME = AppIcon;
				INFOPLIST_FILE = "Fresh Potatoes/Info.plist";
				LD_RUNPATH_SEARCH_PATHS = "$(inherited) @executable_path/Frameworks";
				PRODUCT_BUNDLE_IDENTIFIER = "com.codepath.Fresh-Potatoes";
				PRODUCT_NAME = "$(TARGET_NAME)";
			};
			name = Debug;
		};
<<<<<<< HEAD
		BAFC0C2F1D11F00A003B2345 /* Release */ = {
			isa = XCBuildConfiguration;
			baseConfigurationReference = D6ECFD738BD10ED61A6B2B36 /* Pods-Fresh Potatoes.release.xcconfig */;
=======
		BA64FCF71D1125140086EB49 /* Release */ = {
			isa = XCBuildConfiguration;
>>>>>>> d2048d61cd06fa27d200c510181cbacb4e8f8d0a
			buildSettings = {
				ASSETCATALOG_COMPILER_APPICON_NAME = AppIcon;
				INFOPLIST_FILE = "Fresh Potatoes/Info.plist";
				LD_RUNPATH_SEARCH_PATHS = "$(inherited) @executable_path/Frameworks";
				PRODUCT_BUNDLE_IDENTIFIER = "com.codepath.Fresh-Potatoes";
				PRODUCT_NAME = "$(TARGET_NAME)";
			};
			name = Release;
		};
<<<<<<< HEAD
/* End XCBuildConfiguration section */

/* Begin XCConfigurationList section */
		BAFC0C161D11F00A003B2345 /* Build configuration list for PBXProject "Fresh Potatoes" */ = {
			isa = XCConfigurationList;
			buildConfigurations = (
				BAFC0C2B1D11F00A003B2345 /* Debug */,
				BAFC0C2C1D11F00A003B2345 /* Release */,
=======
		BA64FCF91D1125140086EB49 /* Debug */ = {
			isa = XCBuildConfiguration;
			buildSettings = {
				BUNDLE_LOADER = "$(TEST_HOST)";
				INFOPLIST_FILE = "Fresh PotatoesTests/Info.plist";
				LD_RUNPATH_SEARCH_PATHS = "$(inherited) @executable_path/Frameworks @loader_path/Frameworks";
				PRODUCT_BUNDLE_IDENTIFIER = "com.codepath.Fresh-PotatoesTests";
				PRODUCT_NAME = "$(TARGET_NAME)";
				TEST_HOST = "$(BUILT_PRODUCTS_DIR)/Fresh Potatoes.app/Fresh Potatoes";
			};
			name = Debug;
		};
		BA64FCFA1D1125140086EB49 /* Release */ = {
			isa = XCBuildConfiguration;
			buildSettings = {
				BUNDLE_LOADER = "$(TEST_HOST)";
				INFOPLIST_FILE = "Fresh PotatoesTests/Info.plist";
				LD_RUNPATH_SEARCH_PATHS = "$(inherited) @executable_path/Frameworks @loader_path/Frameworks";
				PRODUCT_BUNDLE_IDENTIFIER = "com.codepath.Fresh-PotatoesTests";
				PRODUCT_NAME = "$(TARGET_NAME)";
				TEST_HOST = "$(BUILT_PRODUCTS_DIR)/Fresh Potatoes.app/Fresh Potatoes";
			};
			name = Release;
		};
		BA64FCFC1D1125140086EB49 /* Debug */ = {
			isa = XCBuildConfiguration;
			buildSettings = {
				INFOPLIST_FILE = "Fresh PotatoesUITests/Info.plist";
				LD_RUNPATH_SEARCH_PATHS = "$(inherited) @executable_path/Frameworks @loader_path/Frameworks";
				PRODUCT_BUNDLE_IDENTIFIER = "com.codepath.Fresh-PotatoesUITests";
				PRODUCT_NAME = "$(TARGET_NAME)";
				TEST_TARGET_NAME = "Fresh Potatoes";
			};
			name = Debug;
		};
		BA64FCFD1D1125140086EB49 /* Release */ = {
			isa = XCBuildConfiguration;
			buildSettings = {
				INFOPLIST_FILE = "Fresh PotatoesUITests/Info.plist";
				LD_RUNPATH_SEARCH_PATHS = "$(inherited) @executable_path/Frameworks @loader_path/Frameworks";
				PRODUCT_BUNDLE_IDENTIFIER = "com.codepath.Fresh-PotatoesUITests";
				PRODUCT_NAME = "$(TARGET_NAME)";
				TEST_TARGET_NAME = "Fresh Potatoes";
			};
			name = Release;
		};
/* End XCBuildConfiguration section */

/* Begin XCConfigurationList section */
		BA64FCC81D1125140086EB49 /* Build configuration list for PBXProject "Fresh Potatoes" */ = {
			isa = XCConfigurationList;
			buildConfigurations = (
				BA64FCF31D1125140086EB49 /* Debug */,
				BA64FCF41D1125140086EB49 /* Release */,
>>>>>>> d2048d61cd06fa27d200c510181cbacb4e8f8d0a
			);
			defaultConfigurationIsVisible = 0;
			defaultConfigurationName = Release;
		};
<<<<<<< HEAD
		BAFC0C2D1D11F00A003B2345 /* Build configuration list for PBXNativeTarget "Fresh Potatoes" */ = {
			isa = XCConfigurationList;
			buildConfigurations = (
				BAFC0C2E1D11F00A003B2345 /* Debug */,
				BAFC0C2F1D11F00A003B2345 /* Release */,
			);
			defaultConfigurationIsVisible = 0;
			defaultConfigurationName = Release;
		};
/* End XCConfigurationList section */
	};
	rootObject = BAFC0C131D11F00A003B2345 /* Project object */;
=======
		BA64FCF51D1125140086EB49 /* Build configuration list for PBXNativeTarget "Fresh Potatoes" */ = {
			isa = XCConfigurationList;
			buildConfigurations = (
				BA64FCF61D1125140086EB49 /* Debug */,
				BA64FCF71D1125140086EB49 /* Release */,
			);
			defaultConfigurationIsVisible = 0;
		};
		BA64FCF81D1125140086EB49 /* Build configuration list for PBXNativeTarget "Fresh PotatoesTests" */ = {
			isa = XCConfigurationList;
			buildConfigurations = (
				BA64FCF91D1125140086EB49 /* Debug */,
				BA64FCFA1D1125140086EB49 /* Release */,
			);
			defaultConfigurationIsVisible = 0;
		};
		BA64FCFB1D1125140086EB49 /* Build configuration list for PBXNativeTarget "Fresh PotatoesUITests" */ = {
			isa = XCConfigurationList;
			buildConfigurations = (
				BA64FCFC1D1125140086EB49 /* Debug */,
				BA64FCFD1D1125140086EB49 /* Release */,
			);
			defaultConfigurationIsVisible = 0;
		};
/* End XCConfigurationList section */
	};
	rootObject = BA64FCC51D1125140086EB49 /* Project object */;
>>>>>>> d2048d61cd06fa27d200c510181cbacb4e8f8d0a
}
